
Microsoft Visual Studio Solution File, Format Version 12.00
# Visual Studio Version 17
VisualStudioVersion = 17.8.34330.188
MinimumVisualStudioVersion = 10.0.40219.1
Project("{FAE04EC0-301F-11D3-BF4B-00C04F79EFBC}") = "ConsoleAppTest1", "ConsoleAppTest1\ConsoleAppTest1.csproj", "{E8C74BD5-887F-418E-B45F-2B2CB4856CCE}"
EndProject
Global
	GlobalSection(SolutionConfigurationPlatforms) = preSolution
		Debug|Any CPU = Debug|Any CPU
		Release|Any CPU = Release|Any CPU
	EndGlobalSection
	GlobalSection(ProjectConfigurationPlatforms) = postSolution
		{E8C74BD5-887F-418E-B45F-2B2CB4856CCE}.Debug|Any CPU.ActiveCfg = Debug|Any CPU
		{E8C74BD5-887F-418E-B45F-2B2CB4856CCE}.Debug|Any CPU.Build.0 = Debug|Any CPU
		{E8C74BD5-887F-418E-B45F-2B2CB4856CCE}.Release|Any CPU.ActiveCfg = Release|Any CPU
		{E8C74BD5-887F-418E-B45F-2B2CB4856CCE}.Release|Any CPU.Build.0 = Release|Any CPU
	EndGlobalSection
	GlobalSection(SolutionProperties) = preSolution
		HideSolutionNode = FALSE
	EndGlobalSection
	GlobalSection(ExtensibilityGlobals) = postSolution
		SolutionGuid = {2C543274-AA14-4C40-8F47-780D119AC285}
	EndGlobalSection
EndGlobal
